
Microsoft Visual Studio Solution File, Format Version 12.00
# Visual Studio Version 16
VisualStudioVersion = 16.0.31727.386
MinimumVisualStudioVersion = 10.0.40219.1
Project("{FAE04EC0-301F-11D3-BF4B-00C04F79EFBC}") = "Семестр 2 Лаба 1", "Семестр 2 Лаба 1\Семестр 2 Лаба 1.csproj", "{988E33B7-256D-4911-8B17-CB6C715DDD59}"
EndProject
Global
	GlobalSection(SolutionConfigurationPlatforms) = preSolution
		Debug|Any CPU = Debug|Any CPU
		Release|Any CPU = Release|Any CPU
	EndGlobalSection
	GlobalSection(ProjectConfigurationPlatforms) = postSolution
		{988E33B7-256D-4911-8B17-CB6C715DDD59}.Debug|Any CPU.ActiveCfg = Debug|Any CPU
		{988E33B7-256D-4911-8B17-CB6C715DDD59}.Debug|Any CPU.Build.0 = Debug|Any CPU
		{988E33B7-256D-4911-8B17-CB6C715DDD59}.Release|Any CPU.ActiveCfg = Release|Any CPU
		{988E33B7-256D-4911-8B17-CB6C715DDD59}.Release|Any CPU.Build.0 = Release|Any CPU
	EndGlobalSection
	GlobalSection(SolutionProperties) = preSolution
		HideSolutionNode = FALSE
	EndGlobalSection
	GlobalSection(ExtensibilityGlobals) = postSolution
		SolutionGuid = {65ACDF74-3FBD-47E8-8780-D654AD8436F7}
	EndGlobalSection
EndGlobal
